<?xml version="1.0" encoding="utf-8"?>
<Project ToolsVersion="4.0" xmlns="http://schemas.microsoft.com/developer/msbuild/2003">
  <ItemGroup>
    <Filter Include="01Engine">
      <UniqueIdentifier>{e5fccdcb-f299-4448-bdb6-01fa28039576}</UniqueIdentifier>
    </Filter>
    <Filter Include="01Engine\Collider">
      <UniqueIdentifier>{7f19ecfb-5d70-4d31-a1f7-c9dd14bad324}</UniqueIdentifier>
    </Filter>
    <Filter Include="01Engine\DirectX">
      <UniqueIdentifier>{e56f8c9a-95a5-4ceb-b65f-5b8e572d087b}</UniqueIdentifier>
    </Filter>
    <Filter Include="01Engine\GameObject">
      <UniqueIdentifier>{b450e438-c939-4b05-b319-0e3c0b4a335c}</UniqueIdentifier>
    </Filter>
    <Filter Include="01Engine\ResourceManager">
      <UniqueIdentifier>{bedee914-5063-4c08-95bb-79c861b4969c}</UniqueIdentifier>
    </Filter>
    <Filter Include="02Shader">
      <UniqueIdentifier>{47a6a3f5-8cfd-436b-8d58-beccd108f3f3}</UniqueIdentifier>
      <Extensions>hlsl</Extensions>
    </Filter>
    <Filter Include="01Engine\SaveManager">
      <UniqueIdentifier>{89b76ae9-3a93-41e3-972f-c6ee48826e3f}</UniqueIdentifier>
    </Filter>
    <Filter Include="01Engine\ImGui">
      <UniqueIdentifier>{263ccdcc-3ac7-4815-a58a-4de4eaae9368}</UniqueIdentifier>
    </Filter>
    <Filter Include="01Engine\Json">
      <UniqueIdentifier>{5669ef0e-6428-43a4-8468-727d952518cb}</UniqueIdentifier>
    </Filter>
    <Filter Include="01Engine\MapEditor">
      <UniqueIdentifier>{7153ab81-a580-440c-8f32-e5972a104885}</UniqueIdentifier>
    </Filter>
    <Filter Include="01Engine\MapEditor\MapSousce">
      <UniqueIdentifier>{580cdb55-80a4-45c0-a8f9-9fa78690d815}</UniqueIdentifier>
    </Filter>
    <Filter Include="Player">
      <UniqueIdentifier>{df3b82cb-7412-4076-8529-45243bd7bdc9}</UniqueIdentifier>
    </Filter>
    <Filter Include="Scene">
      <UniqueIdentifier>{43fe54d2-ee69-4ac9-9e0d-8f0b6645a1b1}</UniqueIdentifier>
    </Filter>
    <Filter Include="State">
      <UniqueIdentifier>{a91a1ea1-9aa8-484a-a9ae-54ce81d4a38f}</UniqueIdentifier>
    </Filter>
    <Filter Include="リソース ファイル">
      <UniqueIdentifier>{67DA6AB6-F800-4c08-8B7A-83BB121AAD01}</UniqueIdentifier>
      <Extensions>rc;ico;cur;bmp;dlg;rc2;rct;bin;rgs;gif;jpg;jpeg;jpe;resx;tiff;tif;png;wav;mfcribbon-ms</Extensions>
    </Filter>
  </ItemGroup>
  <ItemGroup>
    <ClCompile Include="Engine\BoxCollider.cpp">
      <Filter>01Engine\Collider</Filter>
    </ClCompile>
    <ClCompile Include="Engine\Collider.cpp">
      <Filter>01Engine\Collider</Filter>
    </ClCompile>
    <ClCompile Include="Engine\SphereCollider.cpp">
      <Filter>01Engine\Collider</Filter>
    </ClCompile>
    <ClCompile Include="Engine\Direct3D.cpp">
      <Filter>01Engine\DirectX</Filter>
    </ClCompile>
    <ClCompile Include="Engine\Fbx.cpp">
      <Filter>01Engine\DirectX</Filter>
    </ClCompile>
    <ClCompile Include="Engine\FbxParts.cpp">
      <Filter>01Engine\DirectX</Filter>
    </ClCompile>
    <ClCompile Include="Engine\Input.cpp">
      <Filter>01Engine\DirectX</Filter>
    </ClCompile>
    <ClCompile Include="Engine\Sprite.cpp">
      <Filter>01Engine\DirectX</Filter>
    </ClCompile>
    <ClCompile Include="Engine\Camera.cpp">
      <Filter>01Engine\GameObject</Filter>
    </ClCompile>
    <ClCompile Include="Engine\GameObject.cpp">
      <Filter>01Engine\GameObject</Filter>
    </ClCompile>
    <ClCompile Include="Engine\RootObject.cpp">
      <Filter>01Engine\GameObject</Filter>
    </ClCompile>
    <ClCompile Include="Engine\CsvReader.cpp">
      <Filter>01Engine\ResourceManager</Filter>
    </ClCompile>
    <ClCompile Include="Engine\Image.cpp">
      <Filter>01Engine\ResourceManager</Filter>
    </ClCompile>
    <ClCompile Include="Engine\Model.cpp">
      <Filter>01Engine\ResourceManager</Filter>
    </ClCompile>
    <ClCompile Include="Engine\Main.cpp">
      <Filter>01Engine</Filter>
    </ClCompile>
    <ClCompile Include="Engine\SceneManager.cpp">
      <Filter>01Engine</Filter>
    </ClCompile>
    <ClCompile Include="Engine\Texture.cpp">
      <Filter>01Engine\DirectX</Filter>
    </ClCompile>
    <ClCompile Include="Engine\Transform.cpp">
      <Filter>01Engine\GameObject</Filter>
    </ClCompile>
    <ClCompile Include="Engine\Audio.cpp">
      <Filter>01Engine\ResourceManager</Filter>
    </ClCompile>
    <ClCompile Include="Engine\Text.cpp">
      <Filter>01Engine\ResourceManager</Filter>
    </ClCompile>
    <ClCompile Include="Engine\Debug.cpp">
      <Filter>01Engine\ResourceManager</Filter>
    </ClCompile>
    <ClCompile Include="Engine\BillBoard.cpp">
      <Filter>01Engine\DirectX</Filter>
    </ClCompile>
    <ClCompile Include="Engine\VFX.cpp">
      <Filter>01Engine\ResourceManager</Filter>
    </ClCompile>
    <ClCompile Include="Engine\Imgui\imgui.cpp">
      <Filter>01Engine\ImGui</Filter>
    </ClCompile>
    <ClCompile Include="Engine\Imgui\imgui_demo.cpp">
      <Filter>01Engine\ImGui</Filter>
    </ClCompile>
    <ClCompile Include="Engine\Imgui\imgui_draw.cpp">
      <Filter>01Engine\ImGui</Filter>
    </ClCompile>
    <ClCompile Include="Engine\Imgui\imgui_impl_dx11.cpp">
      <Filter>01Engine\ImGui</Filter>
    </ClCompile>
    <ClCompile Include="Engine\Imgui\imgui_impl_win32.cpp">
      <Filter>01Engine\ImGui</Filter>
    </ClCompile>
    <ClCompile Include="Engine\Imgui\imgui_tables.cpp">
      <Filter>01Engine\ImGui</Filter>
    </ClCompile>
    <ClCompile Include="Engine\Imgui\imgui_widgets.cpp">
      <Filter>01Engine\ImGui</Filter>
    </ClCompile>
    <ClCompile Include="Engine\MapEditor\MapController.cpp">
      <Filter>01Engine\MapEditor</Filter>
    </ClCompile>
    <ClCompile Include="Engine\MapEditor\MapData.cpp">
      <Filter>01Engine\MapEditor</Filter>
    </ClCompile>
    <ClCompile Include="Engine\SaveManager\SaveManager.cpp">
      <Filter>01Engine\SaveManager</Filter>
    </ClCompile>
    <ClCompile Include="Engine\MapEditor\MapSource\Room1.cpp">
      <Filter>01Engine\MapEditor\MapSousce</Filter>
    </ClCompile>
    <ClCompile Include="Engine\MapEditor\MapSource\TestFloor.cpp">
      <Filter>01Engine\MapEditor\MapSousce</Filter>
    </ClCompile>
    <ClCompile Include="Engine\MapEditor\MapSource\TestWall.cpp">
      <Filter>01Engine\MapEditor\MapSousce</Filter>
    </ClCompile>
    <ClCompile Include="Scene\MapEditorScene.cpp">
      <Filter>Scene</Filter>
    </ClCompile>
    <ClCompile Include="Scene\DevelopSelectScene.cpp">
      <Filter>Scene</Filter>
    </ClCompile>
    <ClCompile Include="Player\Player.cpp">
      <Filter>Player</Filter>
    </ClCompile>
    <ClCompile Include="Scene\MainGameScene.cpp">
      <Filter>Scene</Filter>
    </ClCompile>
    <ClCompile Include="State\PlayerState.cpp">
      <Filter>State</Filter>
    </ClCompile>
    <ClCompile Include="State\PlayerJumpState.cpp">
      <Filter>State</Filter>
    </ClCompile>
    <ClCompile Include="State\PlayerIdleState.cpp">
      <Filter>State</Filter>
    </ClCompile>
    <ClCompile Include="State\PlayerRunState.cpp">
      <Filter>State</Filter>
    </ClCompile>
    <ClCompile Include="State\PlayerAttackState.cpp">
      <Filter>State</Filter>
    </ClCompile>
    <ClCompile Include="State\PlayerDieState.cpp">
      <Filter>State</Filter>
    </ClCompile>
    <ClCompile Include="State\PlayerStateManager.cpp">
      <Filter>State</Filter>
    </ClCompile>
  </ItemGroup>
  <ItemGroup>
    <ClInclude Include="Engine\BoxCollider.h">
      <Filter>01Engine\Collider</Filter>
    </ClInclude>
    <ClInclude Include="Engine\Collider.h">
      <Filter>01Engine\Collider</Filter>
    </ClInclude>
    <ClInclude Include="Engine\SphereCollider.h">
      <Filter>01Engine\Collider</Filter>
    </ClInclude>
    <ClInclude Include="Engine\Direct3D.h">
      <Filter>01Engine\DirectX</Filter>
    </ClInclude>
    <ClInclude Include="Engine\Fbx.h">
      <Filter>01Engine\DirectX</Filter>
    </ClInclude>
    <ClInclude Include="Engine\FbxParts.h">
      <Filter>01Engine\DirectX</Filter>
    </ClInclude>
    <ClInclude Include="Engine\Input.h">
      <Filter>01Engine\DirectX</Filter>
    </ClInclude>
    <ClInclude Include="Engine\Sprite.h">
      <Filter>01Engine\DirectX</Filter>
    </ClInclude>
    <ClInclude Include="Engine\Camera.h">
      <Filter>01Engine\GameObject</Filter>
    </ClInclude>
    <ClInclude Include="Engine\GameObject.h">
      <Filter>01Engine\GameObject</Filter>
    </ClInclude>
    <ClInclude Include="Engine\RootObject.h">
      <Filter>01Engine\GameObject</Filter>
    </ClInclude>
    <ClInclude Include="Engine\CsvReader.h">
      <Filter>01Engine\ResourceManager</Filter>
    </ClInclude>
    <ClInclude Include="Engine\Image.h">
      <Filter>01Engine\ResourceManager</Filter>
    </ClInclude>
    <ClInclude Include="Engine\Model.h">
      <Filter>01Engine\ResourceManager</Filter>
    </ClInclude>
    <ClInclude Include="Engine\Global.h">
      <Filter>01Engine</Filter>
    </ClInclude>
    <ClInclude Include="Engine\SceneManager.h">
      <Filter>01Engine</Filter>
    </ClInclude>
    <ClInclude Include="Engine\Texture.h">
      <Filter>01Engine\DirectX</Filter>
    </ClInclude>
    <ClInclude Include="Engine\Transform.h">
      <Filter>01Engine\GameObject</Filter>
    </ClInclude>
    <ClInclude Include="Engine\Audio.h">
      <Filter>01Engine\ResourceManager</Filter>
    </ClInclude>
    <ClInclude Include="Engine\Text.h">
      <Filter>01Engine\ResourceManager</Filter>
    </ClInclude>
    <ClInclude Include="Engine\Debug.h">
      <Filter>01Engine\ResourceManager</Filter>
    </ClInclude>
    <ClInclude Include="Engine\BillBoard.h">
      <Filter>01Engine\DirectX</Filter>
    </ClInclude>
    <ClInclude Include="Engine\VFX.h">
      <Filter>01Engine\ResourceManager</Filter>
    </ClInclude>
    <ClInclude Include="Engine\Imgui\imgui.h">
      <Filter>01Engine\ImGui</Filter>
    </ClInclude>
    <ClInclude Include="Engine\json-develop\include\nlohmann\json.hpp">
      <Filter>01Engine\Json</Filter>
    </ClInclude>
    <ClInclude Include="Engine\Imgui\imconfig.h">
      <Filter>01Engine\ImGui</Filter>
    </ClInclude>
    <ClInclude Include="Engine\Imgui\imgui_impl_dx11.h">
      <Filter>01Engine\ImGui</Filter>
    </ClInclude>
    <ClInclude Include="Engine\Imgui\imgui_impl_win32.h">
      <Filter>01Engine\ImGui</Filter>
    </ClInclude>
    <ClInclude Include="Engine\Imgui\imgui_internal.h">
      <Filter>01Engine\ImGui</Filter>
    </ClInclude>
    <ClInclude Include="Engine\Imgui\imstb_rectpack.h">
      <Filter>01Engine\ImGui</Filter>
    </ClInclude>
    <ClInclude Include="Engine\Imgui\imstb_textedit.h">
      <Filter>01Engine\ImGui</Filter>
    </ClInclude>
    <ClInclude Include="Engine\Imgui\imstb_truetype.h">
      <Filter>01Engine\ImGui</Filter>
    </ClInclude>
    <ClInclude Include="Engine\MapEditor\MapController.h">
      <Filter>01Engine\MapEditor</Filter>
    </ClInclude>
    <ClInclude Include="Engine\MapEditor\MapData.h">
      <Filter>01Engine\MapEditor</Filter>
    </ClInclude>
    <ClInclude Include="Engine\SaveManager\SaveManager.h">
      <Filter>01Engine\SaveManager</Filter>
    </ClInclude>
    <ClInclude Include="Engine\MapEditor\MapSource\Room1.h">
      <Filter>01Engine\MapEditor\MapSousce</Filter>
    </ClInclude>
    <ClInclude Include="Engine\MapEditor\MapSource\TestFloor.h">
      <Filter>01Engine\MapEditor\MapSousce</Filter>
    </ClInclude>
    <ClInclude Include="Engine\MapEditor\MapSource\TestWall.h">
      <Filter>01Engine\MapEditor\MapSousce</Filter>
    </ClInclude>
    <ClInclude Include="Scene\MapEditorScene.h">
      <Filter>Scene</Filter>
    </ClInclude>
    <ClInclude Include="Scene\DevelopSelectScene.h">
      <Filter>Scene</Filter>
    </ClInclude>
    <ClInclude Include="Scene\MainGameScene.h">
      <Filter>Scene</Filter>
    </ClInclude>
    <ClInclude Include="State\PlayerState.h">
      <Filter>State</Filter>
    </ClInclude>
    <ClInclude Include="State\PlayerJumpState.h">
      <Filter>State</Filter>
    </ClInclude>
    <ClInclude Include="State\PlayerIdleState.h">
      <Filter>State</Filter>
    </ClInclude>
    <ClInclude Include="State\PlayerRunState.h">
      <Filter>State</Filter>
    </ClInclude>
    <ClInclude Include="State\PlayerAttackState.h">
      <Filter>State</Filter>
    </ClInclude>
    <ClInclude Include="State\PlayerDieState.h">
      <Filter>State</Filter>
    </ClInclude>
    <ClInclude Include="State\PlayerStateManager.h">
      <Filter>State</Filter>
    </ClInclude>
    <ClInclude Include="Player\Player.h">
      <Filter>Player</Filter>
    </ClInclude>
  </ItemGroup>
  <ItemGroup>
    <FxCompile Include="Assets\Shader\Simple2D.hlsl">
      <Filter>02Shader</Filter>
    </FxCompile>
    <FxCompile Include="Assets\Shader\Simple3D.hlsl">
      <Filter>02Shader</Filter>
    </FxCompile>
    <FxCompile Include="Assets\Shader\Debug3D.hlsl">
      <Filter>02Shader</Filter>
    </FxCompile>
    <FxCompile Include="Assets\Shader\BillBoard.hlsl">
      <Filter>02Shader</Filter>
    </FxCompile>
  </ItemGroup>
  <ItemGroup>
    <None Include="Engine\Imgui\.editorconfig">
      <Filter>01Engine\ImGui</Filter>
    </None>
  </ItemGroup>
</Project>